
Microsoft Visual Studio Solution File, Format Version 12.00
# Visual Studio Version 17
VisualStudioVersion = 17.5.33530.505
MinimumVisualStudioVersion = 10.0.40219.1
Project("{9A19103F-16F7-4668-BE54-9A1E7A4F7556}") = "RBAC.Api", "RBAC_Project\RBAC.Api.csproj", "{5F3B9192-8B58-4F91-B850-0474D0D79E1E}"
EndProject
Project("{9A19103F-16F7-4668-BE54-9A1E7A4F7556}") = "RBAC.Domain", "Domain\RBAC.Domain.csproj", "{481E6209-A286-47EB-8F1F-AA49F49670EB}"
EndProject
Project("{2150E333-8FDC-42A3-9474-1A3956D46DE8}") = "src", "src", "{E5F83FD9-0E4B-43DE-88BA-1E146B808E8A}"
EndProject
Project("{9A19103F-16F7-4668-BE54-9A1E7A4F7556}") = "RBAC.Application", "Application\RBAC.Application.csproj", "{F761A250-B916-45BF-8A64-307E78245691}"
EndProject
Project("{9A19103F-16F7-4668-BE54-9A1E7A4F7556}") = "RBAC.Presistence", "Infrastructure\RBAC.Presistence.csproj", "{C46F866F-ADC5-49C0-9CE9-76BFEA78AE66}"
EndProject
Project("{2150E333-8FDC-42A3-9474-1A3956D46DE8}") = "Core", "Core", "{C1C4CFAC-42FC-4054-BFF4-089D95B76075}"
EndProject
Project("{2150E333-8FDC-42A3-9474-1A3956D46DE8}") = "Infrastructure", "Infrastructure", "{1343E440-1954-4C7C-87E2-37A88377D59D}"
EndProject
Project("{2150E333-8FDC-42A3-9474-1A3956D46DE8}") = "Web", "Web", "{697DFF81-354E-4E27-A39C-4E2F148AED0D}"
EndProject
Project("{E53339B2-1760-4266-BCC7-CA923CBCF16C}") = "docker-compose", "docker-compose.dcproj", "{108B3B85-DB3C-4CFC-822E-97D2A7ED0F98}"
EndProject
Global
	GlobalSection(SolutionConfigurationPlatforms) = preSolution
		Debug|Any CPU = Debug|Any CPU
		Release|Any CPU = Release|Any CPU
	EndGlobalSection
	GlobalSection(ProjectConfigurationPlatforms) = postSolution
		{5F3B9192-8B58-4F91-B850-0474D0D79E1E}.Debug|Any CPU.ActiveCfg = Debug|Any CPU
		{5F3B9192-8B58-4F91-B850-0474D0D79E1E}.Debug|Any CPU.Build.0 = Debug|Any CPU
		{5F3B9192-8B58-4F91-B850-0474D0D79E1E}.Release|Any CPU.ActiveCfg = Release|Any CPU
		{5F3B9192-8B58-4F91-B850-0474D0D79E1E}.Release|Any CPU.Build.0 = Release|Any CPU
		{481E6209-A286-47EB-8F1F-AA49F49670EB}.Debug|Any CPU.ActiveCfg = Debug|Any CPU
		{481E6209-A286-47EB-8F1F-AA49F49670EB}.Debug|Any CPU.Build.0 = Debug|Any CPU
		{481E6209-A286-47EB-8F1F-AA49F49670EB}.Release|Any CPU.ActiveCfg = Release|Any CPU
		{481E6209-A286-47EB-8F1F-AA49F49670EB}.Release|Any CPU.Build.0 = Release|Any CPU
		{F761A250-B916-45BF-8A64-307E78245691}.Debug|Any CPU.ActiveCfg = Debug|Any CPU
		{F761A250-B916-45BF-8A64-307E78245691}.Debug|Any CPU.Build.0 = Debug|Any CPU
		{F761A250-B916-45BF-8A64-307E78245691}.Release|Any CPU.ActiveCfg = Release|Any CPU
		{F761A250-B916-45BF-8A64-307E78245691}.Release|Any CPU.Build.0 = Release|Any CPU
		{C46F866F-ADC5-49C0-9CE9-76BFEA78AE66}.Debug|Any CPU.ActiveCfg = Debug|Any CPU
		{C46F866F-ADC5-49C0-9CE9-76BFEA78AE66}.Debug|Any CPU.Build.0 = Debug|Any CPU
		{C46F866F-ADC5-49C0-9CE9-76BFEA78AE66}.Release|Any CPU.ActiveCfg = Release|Any CPU
		{C46F866F-ADC5-49C0-9CE9-76BFEA78AE66}.Release|Any CPU.Build.0 = Release|Any CPU
		{108B3B85-DB3C-4CFC-822E-97D2A7ED0F98}.Debug|Any CPU.ActiveCfg = Debug|Any CPU
		{108B3B85-DB3C-4CFC-822E-97D2A7ED0F98}.Debug|Any CPU.Build.0 = Debug|Any CPU
		{108B3B85-DB3C-4CFC-822E-97D2A7ED0F98}.Release|Any CPU.ActiveCfg = Release|Any CPU
		{108B3B85-DB3C-4CFC-822E-97D2A7ED0F98}.Release|Any CPU.Build.0 = Release|Any CPU
	EndGlobalSection
	GlobalSection(SolutionProperties) = preSolution
		HideSolutionNode = FALSE
	EndGlobalSection
	GlobalSection(NestedProjects) = preSolution
		{5F3B9192-8B58-4F91-B850-0474D0D79E1E} = {697DFF81-354E-4E27-A39C-4E2F148AED0D}
		{481E6209-A286-47EB-8F1F-AA49F49670EB} = {C1C4CFAC-42FC-4054-BFF4-089D95B76075}
		{F761A250-B916-45BF-8A64-307E78245691} = {C1C4CFAC-42FC-4054-BFF4-089D95B76075}
		{C46F866F-ADC5-49C0-9CE9-76BFEA78AE66} = {1343E440-1954-4C7C-87E2-37A88377D59D}
		{C1C4CFAC-42FC-4054-BFF4-089D95B76075} = {E5F83FD9-0E4B-43DE-88BA-1E146B808E8A}
		{1343E440-1954-4C7C-87E2-37A88377D59D} = {E5F83FD9-0E4B-43DE-88BA-1E146B808E8A}
		{697DFF81-354E-4E27-A39C-4E2F148AED0D} = {E5F83FD9-0E4B-43DE-88BA-1E146B808E8A}
	EndGlobalSection
	GlobalSection(ExtensibilityGlobals) = postSolution
		SolutionGuid = {37E8A1D1-6134-480E-A394-DFB5ECCAB594}
	EndGlobalSection
EndGlobal
